// !$*UTF8*$!
{
	archiveVersion = 1;
	classes = {
	};
	objectVersion = 50;
	objects = {

/* Begin PBXBuildFile section */
		87A478E0229FD58700D38A81 /* DetailViewController.swift in Sources */ = {isa = PBXBuildFile; fileRef = 87A478DF229FD58700D38A81 /* DetailViewController.swift */; };
		87C83CF0229E827400D653FF /* AppDelegate.swift in Sources */ = {isa = PBXBuildFile; fileRef = 87C83CEF229E827400D653FF /* AppDelegate.swift */; };
		87C83CF2229E827400D653FF /* ViewController.swift in Sources */ = {isa = PBXBuildFile; fileRef = 87C83CF1229E827400D653FF /* ViewController.swift */; };
		87C83CF5229E827400D653FF /* Main.storyboard in Resources */ = {isa = PBXBuildFile; fileRef = 87C83CF3229E827400D653FF /* Main.storyboard */; };
		87C83CF7229E827600D653FF /* Assets.xcassets in Resources */ = {isa = PBXBuildFile; fileRef = 87C83CF6229E827600D653FF /* Assets.xcassets */; };
		87C83CFA229E827600D653FF /* LaunchScreen.storyboard in Resources */ = {isa = PBXBuildFile; fileRef = 87C83CF8229E827600D653FF /* LaunchScreen.storyboard */; };
		87C83D02229E89B700D653FF /* Petition.swift in Sources */ = {isa = PBXBuildFile; fileRef = 87C83D01229E89B700D653FF /* Petition.swift */; };
		87C83D04229E8A7E00D653FF /* Petitions.swift in Sources */ = {isa = PBXBuildFile; fileRef = 87C83D03229E8A7E00D653FF /* Petitions.swift */; };
/* End PBXBuildFile section */

/* Begin PBXFileReference section */
		87A478DF229FD58700D38A81 /* DetailViewController.swift */ = {isa = PBXFileReference; lastKnownFileType = sourcecode.swift; path = DetailViewController.swift; sourceTree = "<group>"; };
		87C83CEC229E827400D653FF /* Project007.app */ = {isa = PBXFileReference; explicitFileType = wrapper.application; includeInIndex = 0; path = Project007.app; sourceTree = BUILT_PRODUCTS_DIR; };
		87C83CEF229E827400D653FF /* AppDelegate.swift */ = {isa = PBXFileReference; lastKnownFileType = sourcecode.swift; path = AppDelegate.swift; sourceTree = "<group>"; };
		87C83CF1229E827400D653FF /* ViewController.swift */ = {isa = PBXFileReference; lastKnownFileType = sourcecode.swift; path = ViewController.swift; sourceTree = "<group>"; };
		87C83CF4229E827400D653FF /* Base */ = {isa = PBXFileReference; lastKnownFileType = file.storyboard; name = Base; path = Base.lproj/Main.storyboard; sourceTree = "<group>"; };
		87C83CF6229E827600D653FF /* Assets.xcassets */ = {isa = PBXFileReference; lastKnownFileType = folder.assetcatalog; path = Assets.xcassets; sourceTree = "<group>"; };
		87C83CF9229E827600D653FF /* Base */ = {isa = PBXFileReference; lastKnownFileType = file.storyboard; name = Base; path = Base.lproj/LaunchScreen.storyboard; sourceTree = "<group>"; };
		87C83CFB229E827600D653FF /* Info.plist */ = {isa = PBXFileReference; lastKnownFileType = text.plist.xml; path = Info.plist; sourceTree = "<group>"; };
		87C83D01229E89B700D653FF /* Petition.swift */ = {isa = PBXFileReference; lastKnownFileType = sourcecode.swift; path = Petition.swift; sourceTree = "<group>"; };
		87C83D03229E8A7E00D653FF /* Petitions.swift */ = {isa = PBXFileReference; lastKnownFileType = sourcecode.swift; path = Petitions.swift; sourceTree = "<group>"; };
/* End PBXFileReference section */

/* Begin PBXFrameworksBuildPhase section */
		87C83CE9229E827300D653FF /* Frameworks */ = {
			isa = PBXFrameworksBuildPhase;
			buildActionMask = 2147483647;
			files = (
			);
			runOnlyForDeploymentPostprocessing = 0;
		};
/* End PBXFrameworksBuildPhase section */

/* Begin PBXGroup section */
		87C83CE3229E827300D653FF = {
			isa = PBXGroup;
			children = (
				87C83CEE229E827400D653FF /* Project007 */,
				87C83CED229E827400D653FF /* Products */,
			);
			sourceTree = "<group>";
		};
		87C83CED229E827400D653FF /* Products */ = {
			isa = PBXGroup;
			children = (
				87C83CEC229E827400D653FF /* Project007.app */,
			);
			name = Products;
			sourceTree = "<group>";
		};
		87C83CEE229E827400D653FF /* Project007 */ = {
			isa = PBXGroup;
			children = (
				87C83CEF229E827400D653FF /* AppDelegate.swift */,
				87C83CF1229E827400D653FF /* ViewController.swift */,
				87C83D01229E89B700D653FF /* Petition.swift */,
				87C83D03229E8A7E00D653FF /* Petitions.swift */,
				87C83CF3229E827400D653FF /* Main.storyboard */,
				87C83CF6229E827600D653FF /* Assets.xcassets */,
				87C83CF8229E827600D653FF /* LaunchScreen.storyboard */,
				87C83CFB229E827600D653FF /* Info.plist */,
				87A478DF229FD58700D38A81 /* DetailViewController.swift */,
			);
			path = Project007;
			sourceTree = "<group>";
		};
/* End PBXGroup section */

/* Begin PBXNativeTarget section */
		87C83CEB229E827300D653FF /* Project007 */ = {
			isa = PBXNativeTarget;
			buildConfigurationList = 87C83CFE229E827600D653FF /* Build configuration list for PBXNativeTarget "Project007" */;
			buildPhases = (
				87C83CE8229E827300D653FF /* Sources */,
				87C83CE9229E827300D653FF /* Frameworks */,
				87C83CEA229E827300D653FF /* Resources */,
			);
			buildRules = (
			);
			dependencies = (
			);
			name = Project007;
			productName = Project007;
			productReference = 87C83CEC229E827400D653FF /* Project007.app */;
			productType = "com.apple.product-type.application";
		};
/* End PBXNativeTarget section */

/* Begin PBXProject section */
		87C83CE4229E827300D653FF /* Project object */ = {
			isa = PBXProject;
			attributes = {
				LastSwiftUpdateCheck = 1020;
				LastUpgradeCheck = 1020;
				ORGANIZATIONNAME = "Jose Francisco Fornieles";
				TargetAttributes = {
					87C83CEB229E827300D653FF = {
						CreatedOnToolsVersion = 10.2.1;
					};
				};
			};
			buildConfigurationList = 87C83CE7229E827300D653FF /* Build configuration list for PBXProject "Project007" */;
			compatibilityVersion = "Xcode 9.3";
			developmentRegion = en;
			hasScannedForEncodings = 0;
			knownRegions = (
				en,
				Base,
			);
			mainGroup = 87C83CE3229E827300D653FF;
			productRefGroup = 87C83CED229E827400D653FF /* Products */;
			projectDirPath = "";
			projectRoot = "";
			targets = (
				87C83CEB229E827300D653FF /* Project007 */,
			);
		};
/* End PBXProject section */

/* Begin PBXResourcesBuildPhase section */
		87C83CEA229E827300D653FF /* Resources */ = {
			isa = PBXResourcesBuildPhase;
			buildActionMask = 2147483647;
			files = (
				87C83CFA229E827600D653FF /* LaunchScreen.storyboard in Resources */,
				87C83CF7229E827600D653FF /* Assets.xcassets in Resources */,
				87C83CF5229E827400D653FF /* Main.storyboard in Resources */,
			);
			runOnlyForDeploymentPostprocessing = 0;
		};
/* End PBXResourcesBuildPhase section */

/* Begin PBXSourcesBuildPhase section */
		87C83CE8229E827300D653FF /* Sources */ = {
			isa = PBXSourcesBuildPhase;
			buildActionMask = 2147483647;
			files = (
				87C83CF2229E827400D653FF /* ViewController.swift in Sources */,
				87C83D04229E8A7E00D653FF /* Petitions.swift in Sources */,
				87A478E0229FD58700D38A81 /* DetailViewController.swift in Sources */,
				87C83CF0229E827400D653FF /* AppDelegate.swift in Sources */,
				87C83D02229E89B700D653FF /* Petition.swift in Sources */,
			);
			runOnlyForDeploymentPostprocessing = 0;
		};
/* End PBXSourcesBuildPhase section */

/* Begin PBXVariantGroup section */
		87C83CF3229E827400D653FF /* Main.storyboard */ = {
			isa = PBXVariantGroup;
			children = (
				87C83CF4229E827400D653FF /* Base */,
			);
			name = Main.storyboard;
			sourceTree = "<group>";
		};
		87C83CF8229E827600D653FF /* LaunchScreen.storyboard */ = {
			isa = PBXVariantGroup;
			children = (
				87C83CF9229E827600D653FF /* Base */,
			);
			name = LaunchScreen.storyboard;
			sourceTree = "<group>";
		};
/* End PBXVariantGroup section */

/* Begin XCBuildConfiguration section */
		87C83CFC229E827600D653FF /* Debug */ = {
			isa = XCBuildConfiguration;
			buildSettings = {
				ALWAYS_SEARCH_USER_PATHS = NO;
				CLANG_ANALYZER_NONNULL = YES;
				CLANG_ANALYZER_NUMBER_OBJECT_CONVERSION = YES_AGGRESSIVE;
				CLANG_CXX_LANGUAGE_STANDARD = "gnu++14";
				CLANG_CXX_LIBRARY = "libc++";
				CLANG_ENABLE_MODULES = YES;
				CLANG_ENABLE_OBJC_ARC = YES;
				CLANG_ENABLE_OBJC_WEAK = YES;
				CLANG_WARN_BLOCK_CAPTURE_AUTORELEASING = YES;
				CLANG_WARN_BOOL_CONVERSION = YES;
				CLANG_WARN_COMMA = YES;
				CLANG_WARN_CONSTANT_CONVERSION = YES;
				CLANG_WARN_DEPRECATED_OBJC_IMPLEMENTATIONS = YES;
				CLANG_WARN_DIRECT_OBJC_ISA_USAGE = YES_ERROR;
				CLANG_WARN_DOCUMENTATION_COMMENTS = YES;
				CLANG_WARN_EMPTY_BODY = YES;
				CLANG_WARN_ENUM_CONVERSION = YES;
				CLANG_WARN_INFINITE_RECURSION = YES;
				CLANG_WARN_INT_CONVERSION = YES;
				CLANG_WARN_NON_LITERAL_NULL_CONVERSION = YES;
				CLANG_WARN_OBJC_IMPLICIT_RETAIN_SELF = YES;
				CLANG_WARN_OBJC_LITERAL_CONVERSION = YES;
				CLANG_WARN_OBJC_ROOT_CLASS = YES_ERROR;
				CLANG_WARN_RANGE_LOOP_ANALYSIS = YES;
				CLANG_WARN_STRICT_PROTOTYPES = YES;
				CLANG_WARN_SUSPICIOUS_MOVE = YES;
				CLANG_WARN_UNGUARDED_AVAILABILITY = YES_AGGRESSIVE;
				CLANG_WARN_UNREACHABLE_CODE = YES;
				CLANG_WARN__DUPLICATE_METHOD_MATCH = YES;
				CODE_SIGN_IDENTITY = "iPhone Developer";
				COPY_PHASE_STRIP = NO;
				DEBUG_INFORMATION_FORMAT = dwarf;
				ENABLE_STRICT_OBJC_MSGSEND = YES;
				ENABLE_TESTABILITY = YES;
				GCC_C_LANGUAGE_STANDARD = gnu11;
				GCC_DYNAMIC_NO_PIC = NO;
				GCC_NO_COMMON_BLOCKS = YES;
				GCC_OPTIMIZATION_LEVEL = 0;
				GCC_PREPROCESSOR_DEFINITIONS = (
					"DEBUG=1",
					"$(inherited)",
				);
				GCC_WARN_64_TO_32_BIT_CONVERSION = YES;
				GCC_WARN_ABOUT_RETURN_TYPE = YES_ERROR;
				GCC_WARN_UNDECLARED_SELECTOR = YES;
				GCC_WARN_UNINITIALIZED_AUTOS = YES_AGGRESSIVE;
				GCC_WARN_UNUSED_FUNCTION = YES;
				GCC_WARN_UNUSED_VARIABLE = YES;
				IPHONEOS_DEPLOYMENT_TARGET = 12.2;
				MTL_ENABLE_DEBUG_INFO = INCLUDE_SOURCE;
				MTL_FAST_MATH = YES;
				ONLY_ACTIVE_ARCH = YES;
				SDKROOT = iphoneos;
				SWIFT_ACTIVE_COMPILATION_CONDITIONS = DEBUG;
				SWIFT_OPTIMIZATION_LEVEL = "-Onone";
			};
			name = Debug;
		};
		87C83CFD229E827600D653FF /* Release */ = {
			isa = XCBuildConfiguration;
			buildSettings = {
				ALWAYS_SEARCH_USER_PATHS = NO;
				CLANG_ANALYZER_NONNULL = YES;
				CLANG_ANALYZER_NUMBER_OBJECT_CONVERSION = YES_AGGRESSIVE;
				CLANG_CXX_LANGUAGE_STANDARD = "gnu++14";
				CLANG_CXX_LIBRARY = "libc++";
				CLANG_ENABLE_MODULES = YES;
				CLANG_ENABLE_OBJC_ARC = YES;
				CLANG_ENABLE_OBJC_WEAK = YES;
				CLANG_WARN_BLOCK_CAPTURE_AUTORELEASING = YES;
				CLANG_WARN_BOOL_CONVERSION = YES;
				CLANG_WARN_COMMA = YES;
				CLANG_WARN_CONSTANT_CONVERSION = YES;
				CLANG_WARN_DEPRECATED_OBJC_IMPLEMENTATIONS = YES;
				CLANG_WARN_DIRECT_OBJC_ISA_USAGE = YES_ERROR;
				CLANG_WARN_DOCUMENTATION_COMMENTS = YES;
				CLANG_WARN_EMPTY_BODY = YES;
				CLANG_WARN_ENUM_CONVERSION = YES;
				CLANG_WARN_INFINITE_RECURSION = YES;
				CLANG_WARN_INT_CONVERSION = YES;
				CLANG_WARN_NON_LITERAL_NULL_CONVERSION = YES;
				CLANG_WARN_OBJC_IMPLICIT_RETAIN_SELF = YES;
				CLANG_WARN_OBJC_LITERAL_CONVERSION = YES;
				CLANG_WARN_OBJC_ROOT_CLASS = YES_ERROR;
				CLANG_WARN_RANGE_LOOP_ANALYSIS = YES;
				CLANG_WARN_STRICT_PROTOTYPES = YES;
				CLANG_WARN_SUSPICIOUS_MOVE = YES;
				CLANG_WARN_UNGUARDED_AVAILABILITY = YES_AGGRESSIVE;
				CLANG_WARN_UNREACHABLE_CODE = YES;
				CLANG_WARN__DUPLICATE_METHOD_MATCH = YES;
				CODE_SIGN_IDENTITY = "iPhone Developer";
				COPY_PHASE_STRIP = NO;
				DEBUG_INFORMATION_FORMAT = "dwarf-with-dsym";
				ENABLE_NS_ASSERTIONS = NO;
				ENABLE_STRICT_OBJC_MSGSEND = YES;
				GCC_C_LANGUAGE_STANDARD = gnu11;
				GCC_NO_COMMON_BLOCKS = YES;
				GCC_WARN_64_TO_32_BIT_CONVERSION = YES;
				GCC_WARN_ABOUT_RETURN_TYPE = YES_ERROR;
				GCC_WARN_UNDECLARED_SELECTOR = YES;
				GCC_WARN_UNINITIALIZED_AUTOS = YES_AGGRESSIVE;
				GCC_WARN_UNUSED_FUNCTION = YES;
				GCC_WARN_UNUSED_VARIABLE = YES;
				IPHONEOS_DEPLOYMENT_TARGET = 12.2;
				MTL_ENABLE_DEBUG_INFO = NO;
				MTL_FAST_MATH = YES;
				SDKROOT = iphoneos;
				SWIFT_COMPILATION_MODE = wholemodule;
				SWIFT_OPTIMIZATION_LEVEL = "-O";
				VALIDATE_PRODUCT = YES;
			};
			name = Release;
		};
		87C83CFF229E827600D653FF /* Debug */ = {
			isa = XCBuildConfiguration;
			buildSettings = {
				ASSETCATALOG_COMPILER_APPICON_NAME = AppIcon;
				CODE_SIGN_STYLE = Automatic;
				DEVELOPMENT_TEAM = WHB7N6ASZ5;
				INFOPLIST_FILE = Project007/Info.plist;
				LD_RUNPATH_SEARCH_PATHS = (
					"$(inherited)",
					"@executable_path/Frameworks",
				);
				PRODUCT_BUNDLE_IDENTIFIER = jffornieles.Project007;
				PRODUCT_NAME = "$(TARGET_NAME)";
				SWIFT_VERSION = 5.0;
				TARGETED_DEVICE_FAMILY = "1,2";
			};
			name = Debug;
		};
		87C83D00229E827600D653FF /* Release */ = {
			isa = XCBuildConfiguration;
			buildSettings = {
				ASSETCATALOG_COMPILER_APPICON_NAME = AppIcon;
				CODE_SIGN_STYLE = Automatic;
				DEVELOPMENT_TEAM = WHB7N6ASZ5;
				INFOPLIST_FILE = Project007/Info.plist;
				LD_RUNPATH_SEARCH_PATHS = (
					"$(inherited)",
					"@executable_path/Frameworks",
				);
				PRODUCT_BUNDLE_IDENTIFIER = jffornieles.Project007;
				PRODUCT_NAME = "$(TARGET_NAME)";
				SWIFT_VERSION = 5.0;
				TARGETED_DEVICE_FAMILY = "1,2";
			};
			name = Release;
		};
/* End XCBuildConfiguration section */

/* Begin XCConfigurationList section */
		87C83CE7229E827300D653FF /* Build configuration list for PBXProject "Project007" */ = {
			isa = XCConfigurationList;
			buildConfigurations = (
				87C83CFC229E827600D653FF /* Debug */,
				87C83CFD229E827600D653FF /* Release */,
			);
			defaultConfigurationIsVisible = 0;
			defaultConfigurationName = Release;
		};
		87C83CFE229E827600D653FF /* Build configuration list for PBXNativeTarget "Project007" */ = {
			isa = XCConfigurationList;
			buildConfigurations = (
				87C83CFF229E827600D653FF /* Debug */,
				87C83D00229E827600D653FF /* Release */,
			);
			defaultConfigurationIsVisible = 0;
			defaultConfigurationName = Release;
		};
/* End XCConfigurationList section */
	};
	rootObject = 87C83CE4229E827300D653FF /* Project object */;
}
