// !$*UTF8*$!
{
	archiveVersion = 1;
	classes = {
	};
	objectVersion = 50;
	objects = {

/* Begin PBXBuildFile section */
		87132F472260848F00A927F5 /* AppDelegate.swift in Sources */ = {isa = PBXBuildFile; fileRef = 87132F462260848F00A927F5 /* AppDelegate.swift */; };
		87132F492260848F00A927F5 /* ViewController.swift in Sources */ = {isa = PBXBuildFile; fileRef = 87132F482260848F00A927F5 /* ViewController.swift */; };
		87132F4C2260848F00A927F5 /* Main.storyboard in Resources */ = {isa = PBXBuildFile; fileRef = 87132F4A2260848F00A927F5 /* Main.storyboard */; };
		87132F4E2260849100A927F5 /* Assets.xcassets in Resources */ = {isa = PBXBuildFile; fileRef = 87132F4D2260849100A927F5 /* Assets.xcassets */; };
		87132F512260849100A927F5 /* LaunchScreen.storyboard in Resources */ = {isa = PBXBuildFile; fileRef = 87132F4F2260849100A927F5 /* LaunchScreen.storyboard */; };
		87132F59226084B700A927F5 /* FlagData.json in Resources */ = {isa = PBXBuildFile; fileRef = 87132F58226084B700A927F5 /* FlagData.json */; };
		87132F5B2260873700A927F5 /* Flag.swift in Sources */ = {isa = PBXBuildFile; fileRef = 87132F5A2260873700A927F5 /* Flag.swift */; };
		87132F5D22608D7A00A927F5 /* DetailViewController.swift in Sources */ = {isa = PBXBuildFile; fileRef = 87132F5C22608D7A00A927F5 /* DetailViewController.swift */; };
/* End PBXBuildFile section */

/* Begin PBXFileReference section */
		87132F432260848F00A927F5 /* Challenge123.app */ = {isa = PBXFileReference; explicitFileType = wrapper.application; includeInIndex = 0; path = Challenge123.app; sourceTree = BUILT_PRODUCTS_DIR; };
		87132F462260848F00A927F5 /* AppDelegate.swift */ = {isa = PBXFileReference; lastKnownFileType = sourcecode.swift; path = AppDelegate.swift; sourceTree = "<group>"; };
		87132F482260848F00A927F5 /* ViewController.swift */ = {isa = PBXFileReference; lastKnownFileType = sourcecode.swift; path = ViewController.swift; sourceTree = "<group>"; };
		87132F4B2260848F00A927F5 /* Base */ = {isa = PBXFileReference; lastKnownFileType = file.storyboard; name = Base; path = Base.lproj/Main.storyboard; sourceTree = "<group>"; };
		87132F4D2260849100A927F5 /* Assets.xcassets */ = {isa = PBXFileReference; lastKnownFileType = folder.assetcatalog; path = Assets.xcassets; sourceTree = "<group>"; };
		87132F502260849100A927F5 /* Base */ = {isa = PBXFileReference; lastKnownFileType = file.storyboard; name = Base; path = Base.lproj/LaunchScreen.storyboard; sourceTree = "<group>"; };
		87132F522260849100A927F5 /* Info.plist */ = {isa = PBXFileReference; lastKnownFileType = text.plist.xml; path = Info.plist; sourceTree = "<group>"; };
		87132F58226084B700A927F5 /* FlagData.json */ = {isa = PBXFileReference; fileEncoding = 4; lastKnownFileType = text.json; name = FlagData.json; path = ../../ProjectsChallenge123/ProjectsChallenge123/FlagData.json; sourceTree = "<group>"; };
		87132F5A2260873700A927F5 /* Flag.swift */ = {isa = PBXFileReference; lastKnownFileType = sourcecode.swift; path = Flag.swift; sourceTree = "<group>"; };
		87132F5C22608D7A00A927F5 /* DetailViewController.swift */ = {isa = PBXFileReference; lastKnownFileType = sourcecode.swift; path = DetailViewController.swift; sourceTree = "<group>"; };
/* End PBXFileReference section */

/* Begin PBXFrameworksBuildPhase section */
		87132F402260848F00A927F5 /* Frameworks */ = {
			isa = PBXFrameworksBuildPhase;
			buildActionMask = 2147483647;
			files = (
			);
			runOnlyForDeploymentPostprocessing = 0;
		};
/* End PBXFrameworksBuildPhase section */

/* Begin PBXGroup section */
		87132F3A2260848E00A927F5 = {
			isa = PBXGroup;
			children = (
				87132F452260848F00A927F5 /* Challenge123 */,
				87132F442260848F00A927F5 /* Products */,
			);
			sourceTree = "<group>";
		};
		87132F442260848F00A927F5 /* Products */ = {
			isa = PBXGroup;
			children = (
				87132F432260848F00A927F5 /* Challenge123.app */,
			);
			name = Products;
			sourceTree = "<group>";
		};
		87132F452260848F00A927F5 /* Challenge123 */ = {
			isa = PBXGroup;
			children = (
				87132F58226084B700A927F5 /* FlagData.json */,
				87132F462260848F00A927F5 /* AppDelegate.swift */,
				87132F482260848F00A927F5 /* ViewController.swift */,
				87132F4A2260848F00A927F5 /* Main.storyboard */,
				87132F4D2260849100A927F5 /* Assets.xcassets */,
				87132F4F2260849100A927F5 /* LaunchScreen.storyboard */,
				87132F522260849100A927F5 /* Info.plist */,
				87132F5A2260873700A927F5 /* Flag.swift */,
				87132F5C22608D7A00A927F5 /* DetailViewController.swift */,
			);
			path = Challenge123;
			sourceTree = "<group>";
		};
/* End PBXGroup section */

/* Begin PBXNativeTarget section */
		87132F422260848F00A927F5 /* Challenge123 */ = {
			isa = PBXNativeTarget;
			buildConfigurationList = 87132F552260849100A927F5 /* Build configuration list for PBXNativeTarget "Challenge123" */;
			buildPhases = (
				87132F3F2260848F00A927F5 /* Sources */,
				87132F402260848F00A927F5 /* Frameworks */,
				87132F412260848F00A927F5 /* Resources */,
			);
			buildRules = (
			);
			dependencies = (
			);
			name = Challenge123;
			productName = Challenge123;
			productReference = 87132F432260848F00A927F5 /* Challenge123.app */;
			productType = "com.apple.product-type.application";
		};
/* End PBXNativeTarget section */

/* Begin PBXProject section */
		87132F3B2260848E00A927F5 /* Project object */ = {
			isa = PBXProject;
			attributes = {
				LastSwiftUpdateCheck = 1020;
				LastUpgradeCheck = 1020;
				ORGANIZATIONNAME = "Jose Francisco Fornieles";
				TargetAttributes = {
					87132F422260848F00A927F5 = {
						CreatedOnToolsVersion = 10.2;
					};
				};
			};
			buildConfigurationList = 87132F3E2260848E00A927F5 /* Build configuration list for PBXProject "Challenge123" */;
			compatibilityVersion = "Xcode 9.3";
			developmentRegion = en;
			hasScannedForEncodings = 0;
			knownRegions = (
				en,
				Base,
			);
			mainGroup = 87132F3A2260848E00A927F5;
			productRefGroup = 87132F442260848F00A927F5 /* Products */;
			projectDirPath = "";
			projectRoot = "";
			targets = (
				87132F422260848F00A927F5 /* Challenge123 */,
			);
		};
/* End PBXProject section */

/* Begin PBXResourcesBuildPhase section */
		87132F412260848F00A927F5 /* Resources */ = {
			isa = PBXResourcesBuildPhase;
			buildActionMask = 2147483647;
			files = (
				87132F512260849100A927F5 /* LaunchScreen.storyboard in Resources */,
				87132F59226084B700A927F5 /* FlagData.json in Resources */,
				87132F4E2260849100A927F5 /* Assets.xcassets in Resources */,
				87132F4C2260848F00A927F5 /* Main.storyboard in Resources */,
			);
			runOnlyForDeploymentPostprocessing = 0;
		};
/* End PBXResourcesBuildPhase section */

/* Begin PBXSourcesBuildPhase section */
		87132F3F2260848F00A927F5 /* Sources */ = {
			isa = PBXSourcesBuildPhase;
			buildActionMask = 2147483647;
			files = (
				87132F492260848F00A927F5 /* ViewController.swift in Sources */,
				87132F5B2260873700A927F5 /* Flag.swift in Sources */,
				87132F472260848F00A927F5 /* AppDelegate.swift in Sources */,
				87132F5D22608D7A00A927F5 /* DetailViewController.swift in Sources */,
			);
			runOnlyForDeploymentPostprocessing = 0;
		};
/* End PBXSourcesBuildPhase section */

/* Begin PBXVariantGroup section */
		87132F4A2260848F00A927F5 /* Main.storyboard */ = {
			isa = PBXVariantGroup;
			children = (
				87132F4B2260848F00A927F5 /* Base */,
			);
			name = Main.storyboard;
			sourceTree = "<group>";
		};
		87132F4F2260849100A927F5 /* LaunchScreen.storyboard */ = {
			isa = PBXVariantGroup;
			children = (
				87132F502260849100A927F5 /* Base */,
			);
			name = LaunchScreen.storyboard;
			sourceTree = "<group>";
		};
/* End PBXVariantGroup section */

/* Begin XCBuildConfiguration section */
		87132F532260849100A927F5 /* Debug */ = {
			isa = XCBuildConfiguration;
			buildSettings = {
				ALWAYS_SEARCH_USER_PATHS = NO;
				CLANG_ANALYZER_NONNULL = YES;
				CLANG_ANALYZER_NUMBER_OBJECT_CONVERSION = YES_AGGRESSIVE;
				CLANG_CXX_LANGUAGE_STANDARD = "gnu++14";
				CLANG_CXX_LIBRARY = "libc++";
				CLANG_ENABLE_MODULES = YES;
				CLANG_ENABLE_OBJC_ARC = YES;
				CLANG_ENABLE_OBJC_WEAK = YES;
				CLANG_WARN_BLOCK_CAPTURE_AUTORELEASING = YES;
				CLANG_WARN_BOOL_CONVERSION = YES;
				CLANG_WARN_COMMA = YES;
				CLANG_WARN_CONSTANT_CONVERSION = YES;
				CLANG_WARN_DEPRECATED_OBJC_IMPLEMENTATIONS = YES;
				CLANG_WARN_DIRECT_OBJC_ISA_USAGE = YES_ERROR;
				CLANG_WARN_DOCUMENTATION_COMMENTS = YES;
				CLANG_WARN_EMPTY_BODY = YES;
				CLANG_WARN_ENUM_CONVERSION = YES;
				CLANG_WARN_INFINITE_RECURSION = YES;
				CLANG_WARN_INT_CONVERSION = YES;
				CLANG_WARN_NON_LITERAL_NULL_CONVERSION = YES;
				CLANG_WARN_OBJC_IMPLICIT_RETAIN_SELF = YES;
				CLANG_WARN_OBJC_LITERAL_CONVERSION = YES;
				CLANG_WARN_OBJC_ROOT_CLASS = YES_ERROR;
				CLANG_WARN_RANGE_LOOP_ANALYSIS = YES;
				CLANG_WARN_STRICT_PROTOTYPES = YES;
				CLANG_WARN_SUSPICIOUS_MOVE = YES;
				CLANG_WARN_UNGUARDED_AVAILABILITY = YES_AGGRESSIVE;
				CLANG_WARN_UNREACHABLE_CODE = YES;
				CLANG_WARN__DUPLICATE_METHOD_MATCH = YES;
				CODE_SIGN_IDENTITY = "iPhone Developer";
				COPY_PHASE_STRIP = NO;
				DEBUG_INFORMATION_FORMAT = dwarf;
				ENABLE_STRICT_OBJC_MSGSEND = YES;
				ENABLE_TESTABILITY = YES;
				GCC_C_LANGUAGE_STANDARD = gnu11;
				GCC_DYNAMIC_NO_PIC = NO;
				GCC_NO_COMMON_BLOCKS = YES;
				GCC_OPTIMIZATION_LEVEL = 0;
				GCC_PREPROCESSOR_DEFINITIONS = (
					"DEBUG=1",
					"$(inherited)",
				);
				GCC_WARN_64_TO_32_BIT_CONVERSION = YES;
				GCC_WARN_ABOUT_RETURN_TYPE = YES_ERROR;
				GCC_WARN_UNDECLARED_SELECTOR = YES;
				GCC_WARN_UNINITIALIZED_AUTOS = YES_AGGRESSIVE;
				GCC_WARN_UNUSED_FUNCTION = YES;
				GCC_WARN_UNUSED_VARIABLE = YES;
				IPHONEOS_DEPLOYMENT_TARGET = 12.2;
				MTL_ENABLE_DEBUG_INFO = INCLUDE_SOURCE;
				MTL_FAST_MATH = YES;
				ONLY_ACTIVE_ARCH = YES;
				SDKROOT = iphoneos;
				SWIFT_ACTIVE_COMPILATION_CONDITIONS = DEBUG;
				SWIFT_OPTIMIZATION_LEVEL = "-Onone";
			};
			name = Debug;
		};
		87132F542260849100A927F5 /* Release */ = {
			isa = XCBuildConfiguration;
			buildSettings = {
				ALWAYS_SEARCH_USER_PATHS = NO;
				CLANG_ANALYZER_NONNULL = YES;
				CLANG_ANALYZER_NUMBER_OBJECT_CONVERSION = YES_AGGRESSIVE;
				CLANG_CXX_LANGUAGE_STANDARD = "gnu++14";
				CLANG_CXX_LIBRARY = "libc++";
				CLANG_ENABLE_MODULES = YES;
				CLANG_ENABLE_OBJC_ARC = YES;
				CLANG_ENABLE_OBJC_WEAK = YES;
				CLANG_WARN_BLOCK_CAPTURE_AUTORELEASING = YES;
				CLANG_WARN_BOOL_CONVERSION = YES;
				CLANG_WARN_COMMA = YES;
				CLANG_WARN_CONSTANT_CONVERSION = YES;
				CLANG_WARN_DEPRECATED_OBJC_IMPLEMENTATIONS = YES;
				CLANG_WARN_DIRECT_OBJC_ISA_USAGE = YES_ERROR;
				CLANG_WARN_DOCUMENTATION_COMMENTS = YES;
				CLANG_WARN_EMPTY_BODY = YES;
				CLANG_WARN_ENUM_CONVERSION = YES;
				CLANG_WARN_INFINITE_RECURSION = YES;
				CLANG_WARN_INT_CONVERSION = YES;
				CLANG_WARN_NON_LITERAL_NULL_CONVERSION = YES;
				CLANG_WARN_OBJC_IMPLICIT_RETAIN_SELF = YES;
				CLANG_WARN_OBJC_LITERAL_CONVERSION = YES;
				CLANG_WARN_OBJC_ROOT_CLASS = YES_ERROR;
				CLANG_WARN_RANGE_LOOP_ANALYSIS = YES;
				CLANG_WARN_STRICT_PROTOTYPES = YES;
				CLANG_WARN_SUSPICIOUS_MOVE = YES;
				CLANG_WARN_UNGUARDED_AVAILABILITY = YES_AGGRESSIVE;
				CLANG_WARN_UNREACHABLE_CODE = YES;
				CLANG_WARN__DUPLICATE_METHOD_MATCH = YES;
				CODE_SIGN_IDENTITY = "iPhone Developer";
				COPY_PHASE_STRIP = NO;
				DEBUG_INFORMATION_FORMAT = "dwarf-with-dsym";
				ENABLE_NS_ASSERTIONS = NO;
				ENABLE_STRICT_OBJC_MSGSEND = YES;
				GCC_C_LANGUAGE_STANDARD = gnu11;
				GCC_NO_COMMON_BLOCKS = YES;
				GCC_WARN_64_TO_32_BIT_CONVERSION = YES;
				GCC_WARN_ABOUT_RETURN_TYPE = YES_ERROR;
				GCC_WARN_UNDECLARED_SELECTOR = YES;
				GCC_WARN_UNINITIALIZED_AUTOS = YES_AGGRESSIVE;
				GCC_WARN_UNUSED_FUNCTION = YES;
				GCC_WARN_UNUSED_VARIABLE = YES;
				IPHONEOS_DEPLOYMENT_TARGET = 12.2;
				MTL_ENABLE_DEBUG_INFO = NO;
				MTL_FAST_MATH = YES;
				SDKROOT = iphoneos;
				SWIFT_COMPILATION_MODE = wholemodule;
				SWIFT_OPTIMIZATION_LEVEL = "-O";
				VALIDATE_PRODUCT = YES;
			};
			name = Release;
		};
		87132F562260849100A927F5 /* Debug */ = {
			isa = XCBuildConfiguration;
			buildSettings = {
				ASSETCATALOG_COMPILER_APPICON_NAME = AppIcon;
				CODE_SIGN_STYLE = Automatic;
				DEVELOPMENT_TEAM = WHB7N6ASZ5;
				INFOPLIST_FILE = Challenge123/Info.plist;
				LD_RUNPATH_SEARCH_PATHS = (
					"$(inherited)",
					"@executable_path/Frameworks",
				);
				PRODUCT_BUNDLE_IDENTIFIER = jffornieles.Challenge123;
				PRODUCT_NAME = "$(TARGET_NAME)";
				SWIFT_VERSION = 5.0;
				TARGETED_DEVICE_FAMILY = "1,2";
			};
			name = Debug;
		};
		87132F572260849100A927F5 /* Release */ = {
			isa = XCBuildConfiguration;
			buildSettings = {
				ASSETCATALOG_COMPILER_APPICON_NAME = AppIcon;
				CODE_SIGN_STYLE = Automatic;
				DEVELOPMENT_TEAM = WHB7N6ASZ5;
				INFOPLIST_FILE = Challenge123/Info.plist;
				LD_RUNPATH_SEARCH_PATHS = (
					"$(inherited)",
					"@executable_path/Frameworks",
				);
				PRODUCT_BUNDLE_IDENTIFIER = jffornieles.Challenge123;
				PRODUCT_NAME = "$(TARGET_NAME)";
				SWIFT_VERSION = 5.0;
				TARGETED_DEVICE_FAMILY = "1,2";
			};
			name = Release;
		};
/* End XCBuildConfiguration section */

/* Begin XCConfigurationList section */
		87132F3E2260848E00A927F5 /* Build configuration list for PBXProject "Challenge123" */ = {
			isa = XCConfigurationList;
			buildConfigurations = (
				87132F532260849100A927F5 /* Debug */,
				87132F542260849100A927F5 /* Release */,
			);
			defaultConfigurationIsVisible = 0;
			defaultConfigurationName = Release;
		};
		87132F552260849100A927F5 /* Build configuration list for PBXNativeTarget "Challenge123" */ = {
			isa = XCConfigurationList;
			buildConfigurations = (
				87132F562260849100A927F5 /* Debug */,
				87132F572260849100A927F5 /* Release */,
			);
			defaultConfigurationIsVisible = 0;
			defaultConfigurationName = Release;
		};
/* End XCConfigurationList section */
	};
	rootObject = 87132F3B2260848E00A927F5 /* Project object */;
}
